
Microsoft Visual Studio Solution File, Format Version 12.00
# Visual Studio Version 16
VisualStudioVersion = 16.0.30320.27
MinimumVisualStudioVersion = 10.0.40219.1
Project("{FAE04EC0-301F-11D3-BF4B-00C04F79EFBC}") = "SalesWebMvc", "SalesWebMvc\SalesWebMvc.csproj", "{E5D2EC98-1004-4164-B9A3-79FED76E932B}"
EndProject
Global
	GlobalSection(SolutionConfigurationPlatforms) = preSolution
		Debug|Any CPU = Debug|Any CPU
		Release|Any CPU = Release|Any CPU
	EndGlobalSection
	GlobalSection(ProjectConfigurationPlatforms) = postSolution
		{E5D2EC98-1004-4164-B9A3-79FED76E932B}.Debug|Any CPU.ActiveCfg = Debug|Any CPU
		{E5D2EC98-1004-4164-B9A3-79FED76E932B}.Debug|Any CPU.Build.0 = Debug|Any CPU
		{E5D2EC98-1004-4164-B9A3-79FED76E932B}.Release|Any CPU.ActiveCfg = Release|Any CPU
		{E5D2EC98-1004-4164-B9A3-79FED76E932B}.Release|Any CPU.Build.0 = Release|Any CPU
	EndGlobalSection
	GlobalSection(SolutionProperties) = preSolution
		HideSolutionNode = FALSE
	EndGlobalSection
	GlobalSection(ExtensibilityGlobals) = postSolution
		SolutionGuid = {58DAFB5F-D55A-4F95-AC56-034BD035CB18}
	EndGlobalSection
EndGlobal
